
Microsoft Visual Studio Solution File, Format Version 12.00
# Visual Studio Version 17
VisualStudioVersion = 17.10.35013.160
MinimumVisualStudioVersion = 10.0.40219.1
Project("{FAE04EC0-301F-11D3-BF4B-00C04F79EFBC}") = "NonResidentialFund.Domain", "NonResidentialFund.Domain\NonResidentialFund.Domain.csproj", "{F959B288-111A-4327-99D0-0BB233EF820E}"
EndProject
Project("{FAE04EC0-301F-11D3-BF4B-00C04F79EFBC}") = "NonResidentialFund.Tests", "NonResidentialFund.Tests\NonResidentialFund.Tests.csproj", "{4ED0DE36-D459-4A43-B28D-FF27F83801D5}"
EndProject
Global
	GlobalSection(SolutionConfigurationPlatforms) = preSolution
		Debug|Any CPU = Debug|Any CPU
		Release|Any CPU = Release|Any CPU
	EndGlobalSection
	GlobalSection(ProjectConfigurationPlatforms) = postSolution
		{F959B288-111A-4327-99D0-0BB233EF820E}.Debug|Any CPU.ActiveCfg = Debug|Any CPU
		{F959B288-111A-4327-99D0-0BB233EF820E}.Debug|Any CPU.Build.0 = Debug|Any CPU
		{F959B288-111A-4327-99D0-0BB233EF820E}.Release|Any CPU.ActiveCfg = Release|Any CPU
		{F959B288-111A-4327-99D0-0BB233EF820E}.Release|Any CPU.Build.0 = Release|Any CPU
		{4ED0DE36-D459-4A43-B28D-FF27F83801D5}.Debug|Any CPU.ActiveCfg = Debug|Any CPU
		{4ED0DE36-D459-4A43-B28D-FF27F83801D5}.Debug|Any CPU.Build.0 = Debug|Any CPU
		{4ED0DE36-D459-4A43-B28D-FF27F83801D5}.Release|Any CPU.ActiveCfg = Release|Any CPU
		{4ED0DE36-D459-4A43-B28D-FF27F83801D5}.Release|Any CPU.Build.0 = Release|Any CPU
	EndGlobalSection
	GlobalSection(SolutionProperties) = preSolution
		HideSolutionNode = FALSE
	EndGlobalSection
	GlobalSection(ExtensibilityGlobals) = postSolution
		SolutionGuid = {33030789-2D9A-4A03-86F3-C8D36662F04E}
	EndGlobalSection
EndGlobal
